
Microsoft Visual Studio Solution File, Format Version 12.00
# Visual Studio 2012
Project("{FAE04EC0-301F-11D3-BF4B-00C04F79EFBC}") = "Foobricator", "Foobricator\Foobricator.csproj", "{016C42DE-F576-40BA-9954-98B65CD21F62}"
EndProject
Project("{FAE04EC0-301F-11D3-BF4B-00C04F79EFBC}") = "Foobricator.Tests", "Foobricator.Tests\Foobricator.Tests.csproj", "{8577A700-7E2E-4A4C-9B2E-0FD21DDA5DAF}"
EndProject
Global
	GlobalSection(SolutionConfigurationPlatforms) = preSolution
		Debug|Any CPU = Debug|Any CPU
		Portable|Any CPU = Portable|Any CPU
		Release|Any CPU = Release|Any CPU
	EndGlobalSection
	GlobalSection(ProjectConfigurationPlatforms) = postSolution
		{016C42DE-F576-40BA-9954-98B65CD21F62}.Debug|Any CPU.ActiveCfg = Debug|Any CPU
		{016C42DE-F576-40BA-9954-98B65CD21F62}.Debug|Any CPU.Build.0 = Debug|Any CPU
		{016C42DE-F576-40BA-9954-98B65CD21F62}.Portable|Any CPU.ActiveCfg = Portable|Any CPU
		{016C42DE-F576-40BA-9954-98B65CD21F62}.Portable|Any CPU.Build.0 = Portable|Any CPU
		{016C42DE-F576-40BA-9954-98B65CD21F62}.Release|Any CPU.ActiveCfg = Release|Any CPU
		{016C42DE-F576-40BA-9954-98B65CD21F62}.Release|Any CPU.Build.0 = Release|Any CPU
		{8577A700-7E2E-4A4C-9B2E-0FD21DDA5DAF}.Debug|Any CPU.ActiveCfg = Debug|Any CPU
		{8577A700-7E2E-4A4C-9B2E-0FD21DDA5DAF}.Debug|Any CPU.Build.0 = Debug|Any CPU
		{8577A700-7E2E-4A4C-9B2E-0FD21DDA5DAF}.Portable|Any CPU.ActiveCfg = Release|Any CPU
		{8577A700-7E2E-4A4C-9B2E-0FD21DDA5DAF}.Release|Any CPU.ActiveCfg = Release|Any CPU
		{8577A700-7E2E-4A4C-9B2E-0FD21DDA5DAF}.Release|Any CPU.Build.0 = Release|Any CPU
	EndGlobalSection
	GlobalSection(SolutionProperties) = preSolution
		HideSolutionNode = FALSE
	EndGlobalSection
EndGlobal
